// !$*UTF8*$!
{
	archiveVersion = 1;
	classes = {
	};
	objectVersion = 46;
	objects = {

/* Begin PBXGroup section */
		DD1CFF7F18E328E100ECADCF = {
			isa = PBXGroup;
			children = (
			);
			sourceTree = "<group>";
		};
/* End PBXGroup section */

/* Begin PBXProject section */
		DD1CFF8018E328E100ECADCF /* Project object */ = {
			isa = PBXProject;
			attributes = {
				LastUpgradeCheck = 0510;
			};
			buildConfigurationList = DD1CFF8318E328E100ECADCF /* Build configuration list for PBXProject "softwarelabor_c" */;
			compatibilityVersion = "Xcode 3.2";
			developmentRegion = English;
			hasScannedForEncodings = 0;
			knownRegions = (
				en,
			);
			mainGroup = DD1CFF7F18E328E100ECADCF;
			projectDirPath = "";
			projectRoot = "";
			targets = (
			);
		};
/* End PBXProject section */

/* Begin XCBuildConfiguration section */
		DD1CFF8418E328E100ECADCF /* Debug */ = {
			isa = XCBuildConfiguration;
			buildSettings = {
			};
			name = Debug;
		};
		DD1CFF8518E328E100ECADCF /* Release */ = {
			isa = XCBuildConfiguration;
			buildSettings = {
			};
			name = Release;
		};
/* End XCBuildConfiguration section */

/* Begin XCConfigurationList section */
		DD1CFF8318E328E100ECADCF /* Build configuration list for PBXProject "softwarelabor_c" */ = {
			isa = XCConfigurationList;
			buildConfigurations = (
				DD1CFF8418E328E100ECADCF /* Debug */,
				DD1CFF8518E328E100ECADCF /* Release */,
			);
			defaultConfigurationIsVisible = 0;
			defaultConfigurationName = Release;
		};
/* End XCConfigurationList section */
	};
	rootObject = DD1CFF8018E328E100ECADCF /* Project object */;
}
